
Microsoft Visual Studio Solution File, Format Version 12.00
# Visual Studio Version 17
VisualStudioVersion = 17.1.32210.238
MinimumVisualStudioVersion = 10.0.40219.1
Project("{9A19103F-16F7-4668-BE54-9A1E7A4F7556}") = "StayFit.WebAPI", "StayFit.WebAPI\StayFit.WebAPI.csproj", "{7A35BB8E-0978-4949-8F77-A81B686CAD1F}"
EndProject
Project("{9A19103F-16F7-4668-BE54-9A1E7A4F7556}") = "StayFit.Data", "StayFit.Data\StayFit.Data.csproj", "{AEAD76AF-99E8-44A8-BA3C-2B90B2FE8C45}"
EndProject
Project("{9A19103F-16F7-4668-BE54-9A1E7A4F7556}") = "StayFit.Services", "StayFit.Services\StayFit.Services.csproj", "{83E49040-2F4F-407D-9A02-345FCC19FE74}"
EndProject
Project("{9A19103F-16F7-4668-BE54-9A1E7A4F7556}") = "StayFit.Shared", "StayFit.Shared\StayFit.Shared.csproj", "{1AA1EAAF-68D4-42F5-B53D-63FD04C9F460}"
EndProject
Project("{9A19103F-16F7-4668-BE54-9A1E7A4F7556}") = "StayFit.Infrastructure", "StayFit.Infrastructure\StayFit.Infrastructure.csproj", "{4873F575-DD86-4299-A352-FFD6B028604C}"
EndProject
Project("{9A19103F-16F7-4668-BE54-9A1E7A4F7556}") = "StayFit.Common", "StayFit.Common\StayFit.Common.csproj", "{2C70DCC7-3B17-4E10-8425-E1B6A96CD1FF}"
EndProject
Global
	GlobalSection(SolutionConfigurationPlatforms) = preSolution
		Debug|Any CPU = Debug|Any CPU
		Release|Any CPU = Release|Any CPU
	EndGlobalSection
	GlobalSection(ProjectConfigurationPlatforms) = postSolution
		{7A35BB8E-0978-4949-8F77-A81B686CAD1F}.Debug|Any CPU.ActiveCfg = Debug|Any CPU
		{7A35BB8E-0978-4949-8F77-A81B686CAD1F}.Debug|Any CPU.Build.0 = Debug|Any CPU
		{7A35BB8E-0978-4949-8F77-A81B686CAD1F}.Release|Any CPU.ActiveCfg = Release|Any CPU
		{7A35BB8E-0978-4949-8F77-A81B686CAD1F}.Release|Any CPU.Build.0 = Release|Any CPU
		{AEAD76AF-99E8-44A8-BA3C-2B90B2FE8C45}.Debug|Any CPU.ActiveCfg = Debug|Any CPU
		{AEAD76AF-99E8-44A8-BA3C-2B90B2FE8C45}.Debug|Any CPU.Build.0 = Debug|Any CPU
		{AEAD76AF-99E8-44A8-BA3C-2B90B2FE8C45}.Release|Any CPU.ActiveCfg = Release|Any CPU
		{AEAD76AF-99E8-44A8-BA3C-2B90B2FE8C45}.Release|Any CPU.Build.0 = Release|Any CPU
		{83E49040-2F4F-407D-9A02-345FCC19FE74}.Debug|Any CPU.ActiveCfg = Debug|Any CPU
		{83E49040-2F4F-407D-9A02-345FCC19FE74}.Debug|Any CPU.Build.0 = Debug|Any CPU
		{83E49040-2F4F-407D-9A02-345FCC19FE74}.Release|Any CPU.ActiveCfg = Release|Any CPU
		{83E49040-2F4F-407D-9A02-345FCC19FE74}.Release|Any CPU.Build.0 = Release|Any CPU
		{1AA1EAAF-68D4-42F5-B53D-63FD04C9F460}.Debug|Any CPU.ActiveCfg = Debug|Any CPU
		{1AA1EAAF-68D4-42F5-B53D-63FD04C9F460}.Debug|Any CPU.Build.0 = Debug|Any CPU
		{1AA1EAAF-68D4-42F5-B53D-63FD04C9F460}.Release|Any CPU.ActiveCfg = Release|Any CPU
		{1AA1EAAF-68D4-42F5-B53D-63FD04C9F460}.Release|Any CPU.Build.0 = Release|Any CPU
		{4873F575-DD86-4299-A352-FFD6B028604C}.Debug|Any CPU.ActiveCfg = Debug|Any CPU
		{4873F575-DD86-4299-A352-FFD6B028604C}.Debug|Any CPU.Build.0 = Debug|Any CPU
		{4873F575-DD86-4299-A352-FFD6B028604C}.Release|Any CPU.ActiveCfg = Release|Any CPU
		{4873F575-DD86-4299-A352-FFD6B028604C}.Release|Any CPU.Build.0 = Release|Any CPU
		{2C70DCC7-3B17-4E10-8425-E1B6A96CD1FF}.Debug|Any CPU.ActiveCfg = Debug|Any CPU
		{2C70DCC7-3B17-4E10-8425-E1B6A96CD1FF}.Debug|Any CPU.Build.0 = Debug|Any CPU
		{2C70DCC7-3B17-4E10-8425-E1B6A96CD1FF}.Release|Any CPU.ActiveCfg = Release|Any CPU
		{2C70DCC7-3B17-4E10-8425-E1B6A96CD1FF}.Release|Any CPU.Build.0 = Release|Any CPU
	EndGlobalSection
	GlobalSection(SolutionProperties) = preSolution
		HideSolutionNode = FALSE
	EndGlobalSection
	GlobalSection(ExtensibilityGlobals) = postSolution
		SolutionGuid = {AECEB9B9-92A8-400E-911A-03C00FDE8AB9}
	EndGlobalSection
EndGlobal
